// !$*UTF8*$!
{
	archiveVersion = 1;
	classes = {
	};
	objectVersion = 46;
	objects = {

/* Begin PBXBuildFile section */
		D2FD01221CDCAD5600496433 /* AppDelegate.swift in Sources */ = {isa = PBXBuildFile; fileRef = D2FD01211CDCAD5600496433 /* AppDelegate.swift */; };
		D2FD01241CDCAD5600496433 /* ViewController.swift in Sources */ = {isa = PBXBuildFile; fileRef = D2FD01231CDCAD5600496433 /* ViewController.swift */; };
		D2FD01271CDCAD5600496433 /* Main.storyboard in Resources */ = {isa = PBXBuildFile; fileRef = D2FD01251CDCAD5600496433 /* Main.storyboard */; };
		D2FD01291CDCAD5600496433 /* Assets.xcassets in Resources */ = {isa = PBXBuildFile; fileRef = D2FD01281CDCAD5600496433 /* Assets.xcassets */; };
		D2FD012C1CDCAD5600496433 /* LaunchScreen.storyboard in Resources */ = {isa = PBXBuildFile; fileRef = D2FD012A1CDCAD5600496433 /* LaunchScreen.storyboard */; };
		D2FD01371CDCAD5600496433 /* memeTests.swift in Sources */ = {isa = PBXBuildFile; fileRef = D2FD01361CDCAD5600496433 /* memeTests.swift */; };
		D2FD01421CDCAD5600496433 /* memeUITests.swift in Sources */ = {isa = PBXBuildFile; fileRef = D2FD01411CDCAD5600496433 /* memeUITests.swift */; };
		D2FD01531CDDD75300496433 /* MemeTextFieldDelegate.swift in Sources */ = {isa = PBXBuildFile; fileRef = D2FD01521CDDD75300496433 /* MemeTextFieldDelegate.swift */; };
/* End PBXBuildFile section */

/* Begin PBXContainerItemProxy section */
		D2FD01331CDCAD5600496433 /* PBXContainerItemProxy */ = {
			isa = PBXContainerItemProxy;
			containerPortal = D2FD01161CDCAD5600496433 /* Project object */;
			proxyType = 1;
			remoteGlobalIDString = D2FD011D1CDCAD5600496433;
			remoteInfo = meme;
		};
		D2FD013E1CDCAD5600496433 /* PBXContainerItemProxy */ = {
			isa = PBXContainerItemProxy;
			containerPortal = D2FD01161CDCAD5600496433 /* Project object */;
			proxyType = 1;
			remoteGlobalIDString = D2FD011D1CDCAD5600496433;
			remoteInfo = meme;
		};
/* End PBXContainerItemProxy section */

/* Begin PBXFileReference section */
		D2FD011E1CDCAD5600496433 /* meme.app */ = {isa = PBXFileReference; explicitFileType = wrapper.application; includeInIndex = 0; path = meme.app; sourceTree = BUILT_PRODUCTS_DIR; };
		D2FD01211CDCAD5600496433 /* AppDelegate.swift */ = {isa = PBXFileReference; lastKnownFileType = sourcecode.swift; path = AppDelegate.swift; sourceTree = "<group>"; };
		D2FD01231CDCAD5600496433 /* ViewController.swift */ = {isa = PBXFileReference; lastKnownFileType = sourcecode.swift; path = ViewController.swift; sourceTree = "<group>"; };
		D2FD01261CDCAD5600496433 /* Base */ = {isa = PBXFileReference; lastKnownFileType = file.storyboard; name = Base; path = Base.lproj/Main.storyboard; sourceTree = "<group>"; };
		D2FD01281CDCAD5600496433 /* Assets.xcassets */ = {isa = PBXFileReference; lastKnownFileType = folder.assetcatalog; path = Assets.xcassets; sourceTree = "<group>"; };
		D2FD012B1CDCAD5600496433 /* Base */ = {isa = PBXFileReference; lastKnownFileType = file.storyboard; name = Base; path = Base.lproj/LaunchScreen.storyboard; sourceTree = "<group>"; };
		D2FD012D1CDCAD5600496433 /* Info.plist */ = {isa = PBXFileReference; lastKnownFileType = text.plist.xml; path = Info.plist; sourceTree = "<group>"; };
		D2FD01321CDCAD5600496433 /* memeTests.xctest */ = {isa = PBXFileReference; explicitFileType = wrapper.cfbundle; includeInIndex = 0; path = memeTests.xctest; sourceTree = BUILT_PRODUCTS_DIR; };
		D2FD01361CDCAD5600496433 /* memeTests.swift */ = {isa = PBXFileReference; lastKnownFileType = sourcecode.swift; path = memeTests.swift; sourceTree = "<group>"; };
		D2FD01381CDCAD5600496433 /* Info.plist */ = {isa = PBXFileReference; lastKnownFileType = text.plist.xml; path = Info.plist; sourceTree = "<group>"; };
		D2FD013D1CDCAD5600496433 /* memeUITests.xctest */ = {isa = PBXFileReference; explicitFileType = wrapper.cfbundle; includeInIndex = 0; path = memeUITests.xctest; sourceTree = BUILT_PRODUCTS_DIR; };
		D2FD01411CDCAD5600496433 /* memeUITests.swift */ = {isa = PBXFileReference; lastKnownFileType = sourcecode.swift; path = memeUITests.swift; sourceTree = "<group>"; };
		D2FD01431CDCAD5600496433 /* Info.plist */ = {isa = PBXFileReference; lastKnownFileType = text.plist.xml; path = Info.plist; sourceTree = "<group>"; };
		D2FD01521CDDD75300496433 /* MemeTextFieldDelegate.swift */ = {isa = PBXFileReference; fileEncoding = 4; lastKnownFileType = sourcecode.swift; path = MemeTextFieldDelegate.swift; sourceTree = "<group>"; };
/* End PBXFileReference section */

/* Begin PBXFrameworksBuildPhase section */
		D2FD011B1CDCAD5600496433 /* Frameworks */ = {
			isa = PBXFrameworksBuildPhase;
			buildActionMask = 2147483647;
			files = (
			);
			runOnlyForDeploymentPostprocessing = 0;
		};
		D2FD012F1CDCAD5600496433 /* Frameworks */ = {
			isa = PBXFrameworksBuildPhase;
			buildActionMask = 2147483647;
			files = (
			);
			runOnlyForDeploymentPostprocessing = 0;
		};
		D2FD013A1CDCAD5600496433 /* Frameworks */ = {
			isa = PBXFrameworksBuildPhase;
			buildActionMask = 2147483647;
			files = (
			);
			runOnlyForDeploymentPostprocessing = 0;
		};
/* End PBXFrameworksBuildPhase section */

/* Begin PBXGroup section */
		D2FD01151CDCAD5600496433 = {
			isa = PBXGroup;
			children = (
				D2FD01201CDCAD5600496433 /* meme */,
				D2FD01351CDCAD5600496433 /* memeTests */,
				D2FD01401CDCAD5600496433 /* memeUITests */,
				D2FD011F1CDCAD5600496433 /* Products */,
			);
			sourceTree = "<group>";
		};
		D2FD011F1CDCAD5600496433 /* Products */ = {
			isa = PBXGroup;
			children = (
				D2FD011E1CDCAD5600496433 /* meme.app */,
				D2FD01321CDCAD5600496433 /* memeTests.xctest */,
				D2FD013D1CDCAD5600496433 /* memeUITests.xctest */,
			);
			name = Products;
			sourceTree = "<group>";
		};
		D2FD01201CDCAD5600496433 /* meme */ = {
			isa = PBXGroup;
			children = (
				D2FD01511CDDD72E00496433 /* delegates */,
				D2FD01211CDCAD5600496433 /* AppDelegate.swift */,
				D2FD01231CDCAD5600496433 /* ViewController.swift */,
				D2FD01251CDCAD5600496433 /* Main.storyboard */,
				D2FD01281CDCAD5600496433 /* Assets.xcassets */,
				D2FD012A1CDCAD5600496433 /* LaunchScreen.storyboard */,
				D2FD012D1CDCAD5600496433 /* Info.plist */,
			);
			path = meme;
			sourceTree = "<group>";
		};
		D2FD01351CDCAD5600496433 /* memeTests */ = {
			isa = PBXGroup;
			children = (
				D2FD01361CDCAD5600496433 /* memeTests.swift */,
				D2FD01381CDCAD5600496433 /* Info.plist */,
			);
			path = memeTests;
			sourceTree = "<group>";
		};
		D2FD01401CDCAD5600496433 /* memeUITests */ = {
			isa = PBXGroup;
			children = (
				D2FD01411CDCAD5600496433 /* memeUITests.swift */,
				D2FD01431CDCAD5600496433 /* Info.plist */,
			);
			path = memeUITests;
			sourceTree = "<group>";
		};
		D2FD01511CDDD72E00496433 /* delegates */ = {
			isa = PBXGroup;
			children = (
				D2FD01521CDDD75300496433 /* MemeTextFieldDelegate.swift */,
			);
			name = delegates;
			sourceTree = "<group>";
		};
/* End PBXGroup section */

/* Begin PBXNativeTarget section */
		D2FD011D1CDCAD5600496433 /* meme */ = {
			isa = PBXNativeTarget;
			buildConfigurationList = D2FD01461CDCAD5600496433 /* Build configuration list for PBXNativeTarget "meme" */;
			buildPhases = (
				D2FD011A1CDCAD5600496433 /* Sources */,
				D2FD011B1CDCAD5600496433 /* Frameworks */,
				D2FD011C1CDCAD5600496433 /* Resources */,
			);
			buildRules = (
			);
			dependencies = (
			);
			name = meme;
			productName = meme;
			productReference = D2FD011E1CDCAD5600496433 /* meme.app */;
			productType = "com.apple.product-type.application";
		};
		D2FD01311CDCAD5600496433 /* memeTests */ = {
			isa = PBXNativeTarget;
			buildConfigurationList = D2FD01491CDCAD5600496433 /* Build configuration list for PBXNativeTarget "memeTests" */;
			buildPhases = (
				D2FD012E1CDCAD5600496433 /* Sources */,
				D2FD012F1CDCAD5600496433 /* Frameworks */,
				D2FD01301CDCAD5600496433 /* Resources */,
			);
			buildRules = (
			);
			dependencies = (
				D2FD01341CDCAD5600496433 /* PBXTargetDependency */,
			);
			name = memeTests;
			productName = memeTests;
			productReference = D2FD01321CDCAD5600496433 /* memeTests.xctest */;
			productType = "com.apple.product-type.bundle.unit-test";
		};
		D2FD013C1CDCAD5600496433 /* memeUITests */ = {
			isa = PBXNativeTarget;
			buildConfigurationList = D2FD014C1CDCAD5600496433 /* Build configuration list for PBXNativeTarget "memeUITests" */;
			buildPhases = (
				D2FD01391CDCAD5600496433 /* Sources */,
				D2FD013A1CDCAD5600496433 /* Frameworks */,
				D2FD013B1CDCAD5600496433 /* Resources */,
			);
			buildRules = (
			);
			dependencies = (
				D2FD013F1CDCAD5600496433 /* PBXTargetDependency */,
			);
			name = memeUITests;
			productName = memeUITests;
			productReference = D2FD013D1CDCAD5600496433 /* memeUITests.xctest */;
			productType = "com.apple.product-type.bundle.ui-testing";
		};
/* End PBXNativeTarget section */

/* Begin PBXProject section */
		D2FD01161CDCAD5600496433 /* Project object */ = {
			isa = PBXProject;
			attributes = {
				LastSwiftUpdateCheck = 0720;
				LastUpgradeCheck = 0720;
				ORGANIZATIONNAME = "Chris Farrugia";
				TargetAttributes = {
					D2FD011D1CDCAD5600496433 = {
						CreatedOnToolsVersion = 7.2.1;
					};
					D2FD01311CDCAD5600496433 = {
						CreatedOnToolsVersion = 7.2.1;
						TestTargetID = D2FD011D1CDCAD5600496433;
					};
					D2FD013C1CDCAD5600496433 = {
						CreatedOnToolsVersion = 7.2.1;
						TestTargetID = D2FD011D1CDCAD5600496433;
					};
				};
			};
			buildConfigurationList = D2FD01191CDCAD5600496433 /* Build configuration list for PBXProject "meme" */;
			compatibilityVersion = "Xcode 3.2";
			developmentRegion = English;
			hasScannedForEncodings = 0;
			knownRegions = (
				en,
				Base,
			);
			mainGroup = D2FD01151CDCAD5600496433;
			productRefGroup = D2FD011F1CDCAD5600496433 /* Products */;
			projectDirPath = "";
			projectRoot = "";
			targets = (
				D2FD011D1CDCAD5600496433 /* meme */,
				D2FD01311CDCAD5600496433 /* memeTests */,
				D2FD013C1CDCAD5600496433 /* memeUITests */,
			);
		};
/* End PBXProject section */

/* Begin PBXResourcesBuildPhase section */
		D2FD011C1CDCAD5600496433 /* Resources */ = {
			isa = PBXResourcesBuildPhase;
			buildActionMask = 2147483647;
			files = (
				D2FD012C1CDCAD5600496433 /* LaunchScreen.storyboard in Resources */,
				D2FD01291CDCAD5600496433 /* Assets.xcassets in Resources */,
				D2FD01271CDCAD5600496433 /* Main.storyboard in Resources */,
			);
			runOnlyForDeploymentPostprocessing = 0;
		};
		D2FD01301CDCAD5600496433 /* Resources */ = {
			isa = PBXResourcesBuildPhase;
			buildActionMask = 2147483647;
			files = (
			);
			runOnlyForDeploymentPostprocessing = 0;
		};
		D2FD013B1CDCAD5600496433 /* Resources */ = {
			isa = PBXResourcesBuildPhase;
			buildActionMask = 2147483647;
			files = (
			);
			runOnlyForDeploymentPostprocessing = 0;
		};
/* End PBXResourcesBuildPhase section */

/* Begin PBXSourcesBuildPhase section */
		D2FD011A1CDCAD5600496433 /* Sources */ = {
			isa = PBXSourcesBuildPhase;
			buildActionMask = 2147483647;
			files = (
				D2FD01241CDCAD5600496433 /* ViewController.swift in Sources */,
				D2FD01531CDDD75300496433 /* MemeTextFieldDelegate.swift in Sources */,
				D2FD01221CDCAD5600496433 /* AppDelegate.swift in Sources */,
			);
			runOnlyForDeploymentPostprocessing = 0;
		};
		D2FD012E1CDCAD5600496433 /* Sources */ = {
			isa = PBXSourcesBuildPhase;
			buildActionMask = 2147483647;
			files = (
				D2FD01371CDCAD5600496433 /* memeTests.swift in Sources */,
			);
			runOnlyForDeploymentPostprocessing = 0;
		};
		D2FD01391CDCAD5600496433 /* Sources */ = {
			isa = PBXSourcesBuildPhase;
			buildActionMask = 2147483647;
			files = (
				D2FD01421CDCAD5600496433 /* memeUITests.swift in Sources */,
			);
			runOnlyForDeploymentPostprocessing = 0;
		};
/* End PBXSourcesBuildPhase section */

/* Begin PBXTargetDependency section */
		D2FD01341CDCAD5600496433 /* PBXTargetDependency */ = {
			isa = PBXTargetDependency;
			target = D2FD011D1CDCAD5600496433 /* meme */;
			targetProxy = D2FD01331CDCAD5600496433 /* PBXContainerItemProxy */;
		};
		D2FD013F1CDCAD5600496433 /* PBXTargetDependency */ = {
			isa = PBXTargetDependency;
			target = D2FD011D1CDCAD5600496433 /* meme */;
			targetProxy = D2FD013E1CDCAD5600496433 /* PBXContainerItemProxy */;
		};
/* End PBXTargetDependency section */

/* Begin PBXVariantGroup section */
		D2FD01251CDCAD5600496433 /* Main.storyboard */ = {
			isa = PBXVariantGroup;
			children = (
				D2FD01261CDCAD5600496433 /* Base */,
			);
			name = Main.storyboard;
			sourceTree = "<group>";
		};
		D2FD012A1CDCAD5600496433 /* LaunchScreen.storyboard */ = {
			isa = PBXVariantGroup;
			children = (
				D2FD012B1CDCAD5600496433 /* Base */,
			);
			name = LaunchScreen.storyboard;
			sourceTree = "<group>";
		};
/* End PBXVariantGroup section */

/* Begin XCBuildConfiguration section */
		D2FD01441CDCAD5600496433 /* Debug */ = {
			isa = XCBuildConfiguration;
			buildSettings = {
				ALWAYS_SEARCH_USER_PATHS = NO;
				CLANG_CXX_LANGUAGE_STANDARD = "gnu++0x";
				CLANG_CXX_LIBRARY = "libc++";
				CLANG_ENABLE_MODULES = YES;
				CLANG_ENABLE_OBJC_ARC = YES;
				CLANG_WARN_BOOL_CONVERSION = YES;
				CLANG_WARN_CONSTANT_CONVERSION = YES;
				CLANG_WARN_DIRECT_OBJC_ISA_USAGE = YES_ERROR;
				CLANG_WARN_EMPTY_BODY = YES;
				CLANG_WARN_ENUM_CONVERSION = YES;
				CLANG_WARN_INT_CONVERSION = YES;
				CLANG_WARN_OBJC_ROOT_CLASS = YES_ERROR;
				CLANG_WARN_UNREACHABLE_CODE = YES;
				CLANG_WARN__DUPLICATE_METHOD_MATCH = YES;
				"CODE_SIGN_IDENTITY[sdk=iphoneos*]" = "iPhone Developer";
				COPY_PHASE_STRIP = NO;
				DEBUG_INFORMATION_FORMAT = dwarf;
				ENABLE_STRICT_OBJC_MSGSEND = YES;
				ENABLE_TESTABILITY = YES;
				GCC_C_LANGUAGE_STANDARD = gnu99;
				GCC_DYNAMIC_NO_PIC = NO;
				GCC_NO_COMMON_BLOCKS = YES;
				GCC_OPTIMIZATION_LEVEL = 0;
				GCC_PREPROCESSOR_DEFINITIONS = (
					"DEBUG=1",
					"$(inherited)",
				);
				GCC_WARN_64_TO_32_BIT_CONVERSION = YES;
				GCC_WARN_ABOUT_RETURN_TYPE = YES_ERROR;
				GCC_WARN_UNDECLARED_SELECTOR = YES;
				GCC_WARN_UNINITIALIZED_AUTOS = YES_AGGRESSIVE;
				GCC_WARN_UNUSED_FUNCTION = YES;
				GCC_WARN_UNUSED_VARIABLE = YES;
				IPHONEOS_DEPLOYMENT_TARGET = 9.2;
				MTL_ENABLE_DEBUG_INFO = YES;
				ONLY_ACTIVE_ARCH = YES;
				SDKROOT = iphoneos;
				SWIFT_OPTIMIZATION_LEVEL = "-Onone";
			};
			name = Debug;
		};
		D2FD01451CDCAD5600496433 /* Release */ = {
			isa = XCBuildConfiguration;
			buildSettings = {
				ALWAYS_SEARCH_USER_PATHS = NO;
				CLANG_CXX_LANGUAGE_STANDARD = "gnu++0x";
				CLANG_CXX_LIBRARY = "libc++";
				CLANG_ENABLE_MODULES = YES;
				CLANG_ENABLE_OBJC_ARC = YES;
				CLANG_WARN_BOOL_CONVERSION = YES;
				CLANG_WARN_CONSTANT_CONVERSION = YES;
				CLANG_WARN_DIRECT_OBJC_ISA_USAGE = YES_ERROR;
				CLANG_WARN_EMPTY_BODY = YES;
				CLANG_WARN_ENUM_CONVERSION = YES;
				CLANG_WARN_INT_CONVERSION = YES;
				CLANG_WARN_OBJC_ROOT_CLASS = YES_ERROR;
				CLANG_WARN_UNREACHABLE_CODE = YES;
				CLANG_WARN__DUPLICATE_METHOD_MATCH = YES;
				"CODE_SIGN_IDENTITY[sdk=iphoneos*]" = "iPhone Developer";
				COPY_PHASE_STRIP = NO;
				DEBUG_INFORMATION_FORMAT = "dwarf-with-dsym";
				ENABLE_NS_ASSERTIONS = NO;
				ENABLE_STRICT_OBJC_MSGSEND = YES;
				GCC_C_LANGUAGE_STANDARD = gnu99;
				GCC_NO_COMMON_BLOCKS = YES;
				GCC_WARN_64_TO_32_BIT_CONVERSION = YES;
				GCC_WARN_ABOUT_RETURN_TYPE = YES_ERROR;
				GCC_WARN_UNDECLARED_SELECTOR = YES;
				GCC_WARN_UNINITIALIZED_AUTOS = YES_AGGRESSIVE;
				GCC_WARN_UNUSED_FUNCTION = YES;
				GCC_WARN_UNUSED_VARIABLE = YES;
				IPHONEOS_DEPLOYMENT_TARGET = 9.2;
				MTL_ENABLE_DEBUG_INFO = NO;
				SDKROOT = iphoneos;
				VALIDATE_PRODUCT = YES;
			};
			name = Release;
		};
		D2FD01471CDCAD5600496433 /* Debug */ = {
			isa = XCBuildConfiguration;
			buildSettings = {
				ASSETCATALOG_COMPILER_APPICON_NAME = AppIcon;
				INFOPLIST_FILE = meme/Info.plist;
				IPHONEOS_DEPLOYMENT_TARGET = 9.2;
				LD_RUNPATH_SEARCH_PATHS = "$(inherited) @executable_path/Frameworks";
				PRODUCT_BUNDLE_IDENTIFIER = com.genericmethod.meme;
				PRODUCT_NAME = "$(TARGET_NAME)";
				TARGETED_DEVICE_FAMILY = 1;
			};
			name = Debug;
		};
		D2FD01481CDCAD5600496433 /* Release */ = {
			isa = XCBuildConfiguration;
			buildSettings = {
				ASSETCATALOG_COMPILER_APPICON_NAME = AppIcon;
				INFOPLIST_FILE = meme/Info.plist;
				IPHONEOS_DEPLOYMENT_TARGET = 9.2;
				LD_RUNPATH_SEARCH_PATHS = "$(inherited) @executable_path/Frameworks";
				PRODUCT_BUNDLE_IDENTIFIER = com.genericmethod.meme;
				PRODUCT_NAME = "$(TARGET_NAME)";
				TARGETED_DEVICE_FAMILY = 1;
			};
			name = Release;
		};
		D2FD014A1CDCAD5600496433 /* Debug */ = {
			isa = XCBuildConfiguration;
			buildSettings = {
				BUNDLE_LOADER = "$(TEST_HOST)";
				INFOPLIST_FILE = memeTests/Info.plist;
				LD_RUNPATH_SEARCH_PATHS = "$(inherited) @executable_path/Frameworks @loader_path/Frameworks";
				PRODUCT_BUNDLE_IDENTIFIER = com.genericmethod.memeTests;
				PRODUCT_NAME = "$(TARGET_NAME)";
				TEST_HOST = "$(BUILT_PRODUCTS_DIR)/meme.app/meme";
			};
			name = Debug;
		};
		D2FD014B1CDCAD5600496433 /* Release */ = {
			isa = XCBuildConfiguration;
			buildSettings = {
				BUNDLE_LOADER = "$(TEST_HOST)";
				INFOPLIST_FILE = memeTests/Info.plist;
				LD_RUNPATH_SEARCH_PATHS = "$(inherited) @executable_path/Frameworks @loader_path/Frameworks";
				PRODUCT_BUNDLE_IDENTIFIER = com.genericmethod.memeTests;
				PRODUCT_NAME = "$(TARGET_NAME)";
				TEST_HOST = "$(BUILT_PRODUCTS_DIR)/meme.app/meme";
			};
			name = Release;
		};
		D2FD014D1CDCAD5600496433 /* Debug */ = {
			isa = XCBuildConfiguration;
			buildSettings = {
				INFOPLIST_FILE = memeUITests/Info.plist;
				LD_RUNPATH_SEARCH_PATHS = "$(inherited) @executable_path/Frameworks @loader_path/Frameworks";
				PRODUCT_BUNDLE_IDENTIFIER = com.genericmethod.memeUITests;
				PRODUCT_NAME = "$(TARGET_NAME)";
				TEST_TARGET_NAME = meme;
				USES_XCTRUNNER = YES;
			};
			name = Debug;
		};
		D2FD014E1CDCAD5600496433 /* Release */ = {
			isa = XCBuildConfiguration;
			buildSettings = {
				INFOPLIST_FILE = memeUITests/Info.plist;
				LD_RUNPATH_SEARCH_PATHS = "$(inherited) @executable_path/Frameworks @loader_path/Frameworks";
				PRODUCT_BUNDLE_IDENTIFIER = com.genericmethod.memeUITests;
				PRODUCT_NAME = "$(TARGET_NAME)";
				TEST_TARGET_NAME = meme;
				USES_XCTRUNNER = YES;
			};
			name = Release;
		};
/* End XCBuildConfiguration section */

/* Begin XCConfigurationList section */
		D2FD01191CDCAD5600496433 /* Build configuration list for PBXProject "meme" */ = {
			isa = XCConfigurationList;
			buildConfigurations = (
				D2FD01441CDCAD5600496433 /* Debug */,
				D2FD01451CDCAD5600496433 /* Release */,
			);
			defaultConfigurationIsVisible = 0;
			defaultConfigurationName = Release;
		};
		D2FD01461CDCAD5600496433 /* Build configuration list for PBXNativeTarget "meme" */ = {
			isa = XCConfigurationList;
			buildConfigurations = (
				D2FD01471CDCAD5600496433 /* Debug */,
				D2FD01481CDCAD5600496433 /* Release */,
			);
			defaultConfigurationIsVisible = 0;
			defaultConfigurationName = Release;
		};
		D2FD01491CDCAD5600496433 /* Build configuration list for PBXNativeTarget "memeTests" */ = {
			isa = XCConfigurationList;
			buildConfigurations = (
				D2FD014A1CDCAD5600496433 /* Debug */,
				D2FD014B1CDCAD5600496433 /* Release */,
			);
			defaultConfigurationIsVisible = 0;
			defaultConfigurationName = Release;
		};
		D2FD014C1CDCAD5600496433 /* Build configuration list for PBXNativeTarget "memeUITests" */ = {
			isa = XCConfigurationList;
			buildConfigurations = (
				D2FD014D1CDCAD5600496433 /* Debug */,
				D2FD014E1CDCAD5600496433 /* Release */,
			);
			defaultConfigurationIsVisible = 0;
			defaultConfigurationName = Release;
		};
/* End XCConfigurationList section */
	};
	rootObject = D2FD01161CDCAD5600496433 /* Project object */;
}
